
Microsoft Visual Studio Solution File, Format Version 12.00
# Visual Studio 15
VisualStudioVersion = 15.0.26228.9
MinimumVisualStudioVersion = 10.0.40219.1
Project("{FAE04EC0-301F-11D3-BF4B-00C04F79EFBC}") = "SequenceAlignment", "SequenceAlignment\SequenceAlignment.csproj", "{C85BC84D-A86D-4295-9D38-06A7061405CF}"
EndProject
Project("{FAE04EC0-301F-11D3-BF4B-00C04F79EFBC}") = "DataAccessLayer", "DataAccessLayer\DataAccessLayer.csproj", "{33FAE088-BEE8-46DB-9926-11DF95C0FEA5}"
EndProject
Global
	GlobalSection(SolutionConfigurationPlatforms) = preSolution
		Debug|Any CPU = Debug|Any CPU
		Debug|x64 = Debug|x64
		Debug|x86 = Debug|x86
		Release|Any CPU = Release|Any CPU
		Release|x64 = Release|x64
		Release|x86 = Release|x86
	EndGlobalSection
	GlobalSection(ProjectConfigurationPlatforms) = postSolution
		{C85BC84D-A86D-4295-9D38-06A7061405CF}.Debug|Any CPU.ActiveCfg = Debug|Any CPU
		{C85BC84D-A86D-4295-9D38-06A7061405CF}.Debug|Any CPU.Build.0 = Debug|Any CPU
		{C85BC84D-A86D-4295-9D38-06A7061405CF}.Debug|x64.ActiveCfg = Debug|Any CPU
		{C85BC84D-A86D-4295-9D38-06A7061405CF}.Debug|x64.Build.0 = Debug|Any CPU
		{C85BC84D-A86D-4295-9D38-06A7061405CF}.Debug|x86.ActiveCfg = Debug|Any CPU
		{C85BC84D-A86D-4295-9D38-06A7061405CF}.Debug|x86.Build.0 = Debug|Any CPU
		{C85BC84D-A86D-4295-9D38-06A7061405CF}.Release|Any CPU.ActiveCfg = Release|Any CPU
		{C85BC84D-A86D-4295-9D38-06A7061405CF}.Release|Any CPU.Build.0 = Release|Any CPU
		{C85BC84D-A86D-4295-9D38-06A7061405CF}.Release|x64.ActiveCfg = Release|Any CPU
		{C85BC84D-A86D-4295-9D38-06A7061405CF}.Release|x64.Build.0 = Release|Any CPU
		{C85BC84D-A86D-4295-9D38-06A7061405CF}.Release|x86.ActiveCfg = Release|Any CPU
		{C85BC84D-A86D-4295-9D38-06A7061405CF}.Release|x86.Build.0 = Release|Any CPU
		{33FAE088-BEE8-46DB-9926-11DF95C0FEA5}.Debug|Any CPU.ActiveCfg = Debug|Any CPU
		{33FAE088-BEE8-46DB-9926-11DF95C0FEA5}.Debug|Any CPU.Build.0 = Debug|Any CPU
		{33FAE088-BEE8-46DB-9926-11DF95C0FEA5}.Debug|x64.ActiveCfg = Debug|Any CPU
		{33FAE088-BEE8-46DB-9926-11DF95C0FEA5}.Debug|x64.Build.0 = Debug|Any CPU
		{33FAE088-BEE8-46DB-9926-11DF95C0FEA5}.Debug|x86.ActiveCfg = Debug|Any CPU
		{33FAE088-BEE8-46DB-9926-11DF95C0FEA5}.Debug|x86.Build.0 = Debug|Any CPU
		{33FAE088-BEE8-46DB-9926-11DF95C0FEA5}.Release|Any CPU.ActiveCfg = Release|Any CPU
		{33FAE088-BEE8-46DB-9926-11DF95C0FEA5}.Release|Any CPU.Build.0 = Release|Any CPU
		{33FAE088-BEE8-46DB-9926-11DF95C0FEA5}.Release|x64.ActiveCfg = Release|Any CPU
		{33FAE088-BEE8-46DB-9926-11DF95C0FEA5}.Release|x64.Build.0 = Release|Any CPU
		{33FAE088-BEE8-46DB-9926-11DF95C0FEA5}.Release|x86.ActiveCfg = Release|Any CPU
		{33FAE088-BEE8-46DB-9926-11DF95C0FEA5}.Release|x86.Build.0 = Release|Any CPU
	EndGlobalSection
	GlobalSection(SolutionProperties) = preSolution
		HideSolutionNode = FALSE
	EndGlobalSection
EndGlobal
